
Microsoft Visual Studio Solution File, Format Version 12.00
# Visual Studio Version 17
VisualStudioVersion = 17.14.37111.16 d17.14
MinimumVisualStudioVersion = 10.0.40219.1
Project("{FAE04EC0-301F-11D3-BF4B-00C04F79EFBC}") = "COMP003B.Assignment2", "COMP003B.Assignment2\COMP003B.Assignment2.csproj", "{BCACA45D-821A-4C7F-8637-EBE08061908A}"
EndProject
Global
	GlobalSection(SolutionConfigurationPlatforms) = preSolution
		Debug|Any CPU = Debug|Any CPU
		Release|Any CPU = Release|Any CPU
	EndGlobalSection
	GlobalSection(ProjectConfigurationPlatforms) = postSolution
		{BCACA45D-821A-4C7F-8637-EBE08061908A}.Debug|Any CPU.ActiveCfg = Debug|Any CPU
		{BCACA45D-821A-4C7F-8637-EBE08061908A}.Debug|Any CPU.Build.0 = Debug|Any CPU
		{BCACA45D-821A-4C7F-8637-EBE08061908A}.Release|Any CPU.ActiveCfg = Release|Any CPU
		{BCACA45D-821A-4C7F-8637-EBE08061908A}.Release|Any CPU.Build.0 = Release|Any CPU
	EndGlobalSection
	GlobalSection(SolutionProperties) = preSolution
		HideSolutionNode = FALSE
	EndGlobalSection
	GlobalSection(ExtensibilityGlobals) = postSolution
		SolutionGuid = {BC5BC6E7-DAB1-4176-9E2A-BA97E4242B0A}
	EndGlobalSection
EndGlobal
